# This file is autogenerated, do not edit; changes may be undone by the next 'dep ensure'.


[[projects]]
  name = "github.com/go-sql-driver/mysql"
  packages = ["."]
  revision = "v1.2-171-g267b128"

[solve-meta]
  analyzer-name = "dep"
  analyzer-version = 1
  inputs-digest = "f0b5e3519e0fb537b1bbb11ab4563cbb29358fe579aa0622ad1490eef8261f3d"
  solver-name = "gps-cdcl"
  solver-version = 1
